<?xml version="1.0" encoding="utf-8"?>
<Project ToolsVersion="4.0" xmlns="http://schemas.microsoft.com/developer/msbuild/2003">
  <ItemGroup>
    <ClCompile Include="src\main.cpp">
      <Filter>src</Filter>
    </ClCompile>
    <ClCompile Include="src\TISGateway.cpp">
      <Filter>src</Filter>
    </ClCompile>
    <ClCompile Include="src\stis_protocol\STISLibraryGatewayServer.cpp">
      <Filter>src\stis_protocol</Filter>
    </ClCompile>
    <ClCompile Include="src\stis_protocol\STISServer.cpp">
      <Filter>src\stis_protocol</Filter>
    </ClCompile>
    <ClCompile Include="src\stis_protocol\STISTCPClient.cpp">
      <Filter>src\stis_protocol</Filter>
    </ClCompile>
    <ClCompile Include="src\pch.cpp">
      <Filter>include</Filter>
    </ClCompile>
    <ClCompile Include="src\VersionGen.cpp">
      <Filter>include</Filter>
    </ClCompile>
    <ClCompile Include="src\stis_protocol\SummaryAlarm.cpp">
      <Filter>src\stis_protocol</Filter>
    </ClCompile>
  </ItemGroup>
  <ItemGroup>
    <ClInclude Include="src\TISGateway.h">
      <Filter>src</Filter>
    </ClInclude>
    <ClInclude Include="src\stis_protocol\STISLibraryGatewayServer.h">
      <Filter>src\stis_protocol</Filter>
    </ClInclude>
    <ClInclude Include="src\stis_protocol\STISServer.h">
      <Filter>src\stis_protocol</Filter>
    </ClInclude>
    <ClInclude Include="src\stis_protocol\STISTCPClient.h">
      <Filter>src\stis_protocol</Filter>
    </ClInclude>
    <ClInclude Include="src\pch.h">
      <Filter>include</Filter>
    </ClInclude>
    <ClInclude Include="src\Exceptions.h">
      <Filter>include</Filter>
    </ClInclude>
    <ClInclude Include="src\stis_protocol\SummaryAlarm.h">
      <Filter>src\stis_protocol</Filter>
    </ClInclude>
  </ItemGroup>
  <ItemGroup>
    <Filter Include="src">
      <UniqueIdentifier>{fe33362b-d45b-41b7-bf99-775ac5c91998}</UniqueIdentifier>
    </Filter>
    <Filter Include="src\stis_protocol">
      <UniqueIdentifier>{ce087670-5db7-431a-96d9-5010e09ac084}</UniqueIdentifier>
    </Filter>
    <Filter Include="include">
      <UniqueIdentifier>{0ed2580d-5c61-4e51-bb2e-75964b0644e2}</UniqueIdentifier>
    </Filter>
  </ItemGroup>
</Project>